// !$*UTF8*$!
{
	archiveVersion = 1;
	classes = {
	};
	objectVersion = 51;
	objects = {

/* Begin PBXBuildFile section */
		C327260E23752C5C00B4E368 /* PlayerListView.swift in Sources */ = {isa = PBXBuildFile; fileRef = C327260D23752C5C00B4E368 /* PlayerListView.swift */; };
		C33440FA23728C3A007C752A /* AppDelegate.swift in Sources */ = {isa = PBXBuildFile; fileRef = C33440F923728C3A007C752A /* AppDelegate.swift */; };
		C33440FC23728C3A007C752A /* SceneDelegate.swift in Sources */ = {isa = PBXBuildFile; fileRef = C33440FB23728C3A007C752A /* SceneDelegate.swift */; };
		C33440FE23728C3A007C752A /* ContentView.swift in Sources */ = {isa = PBXBuildFile; fileRef = C33440FD23728C3A007C752A /* ContentView.swift */; };
		C334410023728C3D007C752A /* Assets.xcassets in Resources */ = {isa = PBXBuildFile; fileRef = C33440FF23728C3D007C752A /* Assets.xcassets */; };
		C334410323728C3E007C752A /* Preview Assets.xcassets in Resources */ = {isa = PBXBuildFile; fileRef = C334410223728C3E007C752A /* Preview Assets.xcassets */; };
		C334410623728C3E007C752A /* LaunchScreen.storyboard in Resources */ = {isa = PBXBuildFile; fileRef = C334410423728C3E007C752A /* LaunchScreen.storyboard */; };
		C334411123728C3E007C752A /* SwiftUITestTests.swift in Sources */ = {isa = PBXBuildFile; fileRef = C334411023728C3E007C752A /* SwiftUITestTests.swift */; };
		C334411C23728C3E007C752A /* SwiftUITestUITests.swift in Sources */ = {isa = PBXBuildFile; fileRef = C334411B23728C3E007C752A /* SwiftUITestUITests.swift */; };
		C334412B2372A326007C752A /* PlayerModel.swift in Sources */ = {isa = PBXBuildFile; fileRef = C334412A2372A326007C752A /* PlayerModel.swift */; };
		C334412E2372A7C5007C752A /* Results+Util.swift in Sources */ = {isa = PBXBuildFile; fileRef = C334412D2372A7C5007C752A /* Results+Util.swift */; };
		C33441302373CC52007C752A /* GameModel.swift in Sources */ = {isa = PBXBuildFile; fileRef = C334412F2373CC52007C752A /* GameModel.swift */; };
		C33441322373E4D4007C752A /* Dealer.swift in Sources */ = {isa = PBXBuildFile; fileRef = C33441312373E4D4007C752A /* Dealer.swift */; };
		C33441342373EC3E007C752A /* CardModel.swift in Sources */ = {isa = PBXBuildFile; fileRef = C33441332373EC3E007C752A /* CardModel.swift */; };
		E18CFEFE4F1B2337A1384286 /* Pods_SwiftUITest.framework in Frameworks */ = {isa = PBXBuildFile; fileRef = 0831AABFF682C8773A77E737 /* Pods_SwiftUITest.framework */; };
/* End PBXBuildFile section */

/* Begin PBXContainerItemProxy section */
		C334410D23728C3E007C752A /* PBXContainerItemProxy */ = {
			isa = PBXContainerItemProxy;
			containerPortal = C33440EE23728C3A007C752A /* Project object */;
			proxyType = 1;
			remoteGlobalIDString = C33440F523728C3A007C752A;
			remoteInfo = SwiftUITest;
		};
		C334411823728C3E007C752A /* PBXContainerItemProxy */ = {
			isa = PBXContainerItemProxy;
			containerPortal = C33440EE23728C3A007C752A /* Project object */;
			proxyType = 1;
			remoteGlobalIDString = C33440F523728C3A007C752A;
			remoteInfo = SwiftUITest;
		};
/* End PBXContainerItemProxy section */

/* Begin PBXFileReference section */
		0831AABFF682C8773A77E737 /* Pods_SwiftUITest.framework */ = {isa = PBXFileReference; explicitFileType = wrapper.framework; includeInIndex = 0; path = Pods_SwiftUITest.framework; sourceTree = BUILT_PRODUCTS_DIR; };
		891FCEB00E2A96F26AD11F3C /* Pods-SwiftUITest.release.xcconfig */ = {isa = PBXFileReference; includeInIndex = 1; lastKnownFileType = text.xcconfig; name = "Pods-SwiftUITest.release.xcconfig"; path = "Target Support Files/Pods-SwiftUITest/Pods-SwiftUITest.release.xcconfig"; sourceTree = "<group>"; };
		B8A560E14FF2CECD107F1383 /* Pods-SwiftUITest.debug.xcconfig */ = {isa = PBXFileReference; includeInIndex = 1; lastKnownFileType = text.xcconfig; name = "Pods-SwiftUITest.debug.xcconfig"; path = "Target Support Files/Pods-SwiftUITest/Pods-SwiftUITest.debug.xcconfig"; sourceTree = "<group>"; };
		C327260D23752C5C00B4E368 /* PlayerListView.swift */ = {isa = PBXFileReference; lastKnownFileType = sourcecode.swift; path = PlayerListView.swift; sourceTree = "<group>"; };
		C33440F623728C3A007C752A /* SwiftUITest.app */ = {isa = PBXFileReference; explicitFileType = wrapper.application; includeInIndex = 0; path = SwiftUITest.app; sourceTree = BUILT_PRODUCTS_DIR; };
		C33440F923728C3A007C752A /* AppDelegate.swift */ = {isa = PBXFileReference; lastKnownFileType = sourcecode.swift; path = AppDelegate.swift; sourceTree = "<group>"; };
		C33440FB23728C3A007C752A /* SceneDelegate.swift */ = {isa = PBXFileReference; lastKnownFileType = sourcecode.swift; path = SceneDelegate.swift; sourceTree = "<group>"; };
		C33440FD23728C3A007C752A /* ContentView.swift */ = {isa = PBXFileReference; lastKnownFileType = sourcecode.swift; path = ContentView.swift; sourceTree = "<group>"; };
		C33440FF23728C3D007C752A /* Assets.xcassets */ = {isa = PBXFileReference; lastKnownFileType = folder.assetcatalog; path = Assets.xcassets; sourceTree = "<group>"; };
		C334410223728C3E007C752A /* Preview Assets.xcassets */ = {isa = PBXFileReference; lastKnownFileType = folder.assetcatalog; path = "Preview Assets.xcassets"; sourceTree = "<group>"; };
		C334410523728C3E007C752A /* Base */ = {isa = PBXFileReference; lastKnownFileType = file.storyboard; name = Base; path = Base.lproj/LaunchScreen.storyboard; sourceTree = "<group>"; };
		C334410723728C3E007C752A /* Info.plist */ = {isa = PBXFileReference; lastKnownFileType = text.plist.xml; path = Info.plist; sourceTree = "<group>"; };
		C334410C23728C3E007C752A /* SwiftUITestTests.xctest */ = {isa = PBXFileReference; explicitFileType = wrapper.cfbundle; includeInIndex = 0; path = SwiftUITestTests.xctest; sourceTree = BUILT_PRODUCTS_DIR; };
		C334411023728C3E007C752A /* SwiftUITestTests.swift */ = {isa = PBXFileReference; lastKnownFileType = sourcecode.swift; path = SwiftUITestTests.swift; sourceTree = "<group>"; };
		C334411223728C3E007C752A /* Info.plist */ = {isa = PBXFileReference; lastKnownFileType = text.plist.xml; path = Info.plist; sourceTree = "<group>"; };
		C334411723728C3E007C752A /* SwiftUITestUITests.xctest */ = {isa = PBXFileReference; explicitFileType = wrapper.cfbundle; includeInIndex = 0; path = SwiftUITestUITests.xctest; sourceTree = BUILT_PRODUCTS_DIR; };
		C334411B23728C3E007C752A /* SwiftUITestUITests.swift */ = {isa = PBXFileReference; lastKnownFileType = sourcecode.swift; path = SwiftUITestUITests.swift; sourceTree = "<group>"; };
		C334411D23728C3E007C752A /* Info.plist */ = {isa = PBXFileReference; lastKnownFileType = text.plist.xml; path = Info.plist; sourceTree = "<group>"; };
		C334412A2372A326007C752A /* PlayerModel.swift */ = {isa = PBXFileReference; lastKnownFileType = sourcecode.swift; path = PlayerModel.swift; sourceTree = "<group>"; };
		C334412D2372A7C5007C752A /* Results+Util.swift */ = {isa = PBXFileReference; lastKnownFileType = sourcecode.swift; path = "Results+Util.swift"; sourceTree = "<group>"; };
		C334412F2373CC52007C752A /* GameModel.swift */ = {isa = PBXFileReference; lastKnownFileType = sourcecode.swift; path = GameModel.swift; sourceTree = "<group>"; };
		C33441312373E4D4007C752A /* Dealer.swift */ = {isa = PBXFileReference; lastKnownFileType = sourcecode.swift; path = Dealer.swift; sourceTree = "<group>"; };
		C33441332373EC3E007C752A /* CardModel.swift */ = {isa = PBXFileReference; lastKnownFileType = sourcecode.swift; path = CardModel.swift; sourceTree = "<group>"; };
/* End PBXFileReference section */

/* Begin PBXFrameworksBuildPhase section */
		C33440F323728C3A007C752A /* Frameworks */ = {
			isa = PBXFrameworksBuildPhase;
			buildActionMask = 2147483647;
			files = (
				E18CFEFE4F1B2337A1384286 /* Pods_SwiftUITest.framework in Frameworks */,
			);
			runOnlyForDeploymentPostprocessing = 0;
		};
		C334410923728C3E007C752A /* Frameworks */ = {
			isa = PBXFrameworksBuildPhase;
			buildActionMask = 2147483647;
			files = (
			);
			runOnlyForDeploymentPostprocessing = 0;
		};
		C334411423728C3E007C752A /* Frameworks */ = {
			isa = PBXFrameworksBuildPhase;
			buildActionMask = 2147483647;
			files = (
			);
			runOnlyForDeploymentPostprocessing = 0;
		};
/* End PBXFrameworksBuildPhase section */

/* Begin PBXGroup section */
		2D55CDD3E9420227A8E03BC1 /* Pods */ = {
			isa = PBXGroup;
			children = (
				B8A560E14FF2CECD107F1383 /* Pods-SwiftUITest.debug.xcconfig */,
				891FCEB00E2A96F26AD11F3C /* Pods-SwiftUITest.release.xcconfig */,
			);
			path = Pods;
			sourceTree = "<group>";
		};
		C33440ED23728C3A007C752A = {
			isa = PBXGroup;
			children = (
				C33440F823728C3A007C752A /* SwiftUITest */,
				C334410F23728C3E007C752A /* SwiftUITestTests */,
				C334411A23728C3E007C752A /* SwiftUITestUITests */,
				C33440F723728C3A007C752A /* Products */,
				2D55CDD3E9420227A8E03BC1 /* Pods */,
				ECA00948C3EF10D0D616671E /* Frameworks */,
			);
			sourceTree = "<group>";
		};
		C33440F723728C3A007C752A /* Products */ = {
			isa = PBXGroup;
			children = (
				C33440F623728C3A007C752A /* SwiftUITest.app */,
				C334410C23728C3E007C752A /* SwiftUITestTests.xctest */,
				C334411723728C3E007C752A /* SwiftUITestUITests.xctest */,
			);
			name = Products;
			sourceTree = "<group>";
		};
		C33440F823728C3A007C752A /* SwiftUITest */ = {
			isa = PBXGroup;
			children = (
				C334412C2372A7B5007C752A /* Util */,
				C33441292372A30C007C752A /* Model */,
				C33440F923728C3A007C752A /* AppDelegate.swift */,
				C33440FB23728C3A007C752A /* SceneDelegate.swift */,
				C33440FD23728C3A007C752A /* ContentView.swift */,
				C327260D23752C5C00B4E368 /* PlayerListView.swift */,
				C33440FF23728C3D007C752A /* Assets.xcassets */,
				C334410423728C3E007C752A /* LaunchScreen.storyboard */,
				C334410723728C3E007C752A /* Info.plist */,
				C334410123728C3E007C752A /* Preview Content */,
			);
			path = SwiftUITest;
			sourceTree = "<group>";
		};
		C334410123728C3E007C752A /* Preview Content */ = {
			isa = PBXGroup;
			children = (
				C334410223728C3E007C752A /* Preview Assets.xcassets */,
			);
			path = "Preview Content";
			sourceTree = "<group>";
		};
		C334410F23728C3E007C752A /* SwiftUITestTests */ = {
			isa = PBXGroup;
			children = (
				C334411023728C3E007C752A /* SwiftUITestTests.swift */,
				C334411223728C3E007C752A /* Info.plist */,
			);
			path = SwiftUITestTests;
			sourceTree = "<group>";
		};
		C334411A23728C3E007C752A /* SwiftUITestUITests */ = {
			isa = PBXGroup;
			children = (
				C334411B23728C3E007C752A /* SwiftUITestUITests.swift */,
				C334411D23728C3E007C752A /* Info.plist */,
			);
			path = SwiftUITestUITests;
			sourceTree = "<group>";
		};
		C33441292372A30C007C752A /* Model */ = {
			isa = PBXGroup;
			children = (
				C33441312373E4D4007C752A /* Dealer.swift */,
				C334412A2372A326007C752A /* PlayerModel.swift */,
				C334412F2373CC52007C752A /* GameModel.swift */,
				C33441332373EC3E007C752A /* CardModel.swift */,
			);
			path = Model;
			sourceTree = "<group>";
		};
		C334412C2372A7B5007C752A /* Util */ = {
			isa = PBXGroup;
			children = (
				C334412D2372A7C5007C752A /* Results+Util.swift */,
			);
			path = Util;
			sourceTree = "<group>";
		};
		ECA00948C3EF10D0D616671E /* Frameworks */ = {
			isa = PBXGroup;
			children = (
				0831AABFF682C8773A77E737 /* Pods_SwiftUITest.framework */,
			);
			name = Frameworks;
			sourceTree = "<group>";
		};
/* End PBXGroup section */

/* Begin PBXNativeTarget section */
		C33440F523728C3A007C752A /* SwiftUITest */ = {
			isa = PBXNativeTarget;
			buildConfigurationList = C334412023728C3E007C752A /* Build configuration list for PBXNativeTarget "SwiftUITest" */;
			buildPhases = (
				857414957585D121B6898830 /* [CP] Check Pods Manifest.lock */,
				C33440F223728C3A007C752A /* Sources */,
				C33440F323728C3A007C752A /* Frameworks */,
				C33440F423728C3A007C752A /* Resources */,
				67CAEE8DA3C5C73ACCA82264 /* [CP] Embed Pods Frameworks */,
			);
			buildRules = (
			);
			dependencies = (
			);
			name = SwiftUITest;
			productName = SwiftUITest;
			productReference = C33440F623728C3A007C752A /* SwiftUITest.app */;
			productType = "com.apple.product-type.application";
		};
		C334410B23728C3E007C752A /* SwiftUITestTests */ = {
			isa = PBXNativeTarget;
			buildConfigurationList = C334412323728C3E007C752A /* Build configuration list for PBXNativeTarget "SwiftUITestTests" */;
			buildPhases = (
				C334410823728C3E007C752A /* Sources */,
				C334410923728C3E007C752A /* Frameworks */,
				C334410A23728C3E007C752A /* Resources */,
			);
			buildRules = (
			);
			dependencies = (
				C334410E23728C3E007C752A /* PBXTargetDependency */,
			);
			name = SwiftUITestTests;
			productName = SwiftUITestTests;
			productReference = C334410C23728C3E007C752A /* SwiftUITestTests.xctest */;
			productType = "com.apple.product-type.bundle.unit-test";
		};
		C334411623728C3E007C752A /* SwiftUITestUITests */ = {
			isa = PBXNativeTarget;
			buildConfigurationList = C334412623728C3E007C752A /* Build configuration list for PBXNativeTarget "SwiftUITestUITests" */;
			buildPhases = (
				C334411323728C3E007C752A /* Sources */,
				C334411423728C3E007C752A /* Frameworks */,
				C334411523728C3E007C752A /* Resources */,
			);
			buildRules = (
			);
			dependencies = (
				C334411923728C3E007C752A /* PBXTargetDependency */,
			);
			name = SwiftUITestUITests;
			productName = SwiftUITestUITests;
			productReference = C334411723728C3E007C752A /* SwiftUITestUITests.xctest */;
			productType = "com.apple.product-type.bundle.ui-testing";
		};
/* End PBXNativeTarget section */

/* Begin PBXProject section */
		C33440EE23728C3A007C752A /* Project object */ = {
			isa = PBXProject;
			attributes = {
				LastSwiftUpdateCheck = 1120;
				LastUpgradeCheck = 1120;
				ORGANIZATIONNAME = "Changyul Seo";
				TargetAttributes = {
					C33440F523728C3A007C752A = {
						CreatedOnToolsVersion = 11.2;
					};
					C334410B23728C3E007C752A = {
						CreatedOnToolsVersion = 11.2;
						TestTargetID = C33440F523728C3A007C752A;
					};
					C334411623728C3E007C752A = {
						CreatedOnToolsVersion = 11.2;
						TestTargetID = C33440F523728C3A007C752A;
					};
				};
			};
			buildConfigurationList = C33440F123728C3A007C752A /* Build configuration list for PBXProject "SwiftUITest" */;
			compatibilityVersion = "Xcode 9.3";
			developmentRegion = en;
			hasScannedForEncodings = 0;
			knownRegions = (
				en,
				Base,
			);
			mainGroup = C33440ED23728C3A007C752A;
			productRefGroup = C33440F723728C3A007C752A /* Products */;
			projectDirPath = "";
			projectRoot = "";
			targets = (
				C33440F523728C3A007C752A /* SwiftUITest */,
				C334410B23728C3E007C752A /* SwiftUITestTests */,
				C334411623728C3E007C752A /* SwiftUITestUITests */,
			);
		};
/* End PBXProject section */

/* Begin PBXResourcesBuildPhase section */
		C33440F423728C3A007C752A /* Resources */ = {
			isa = PBXResourcesBuildPhase;
			buildActionMask = 2147483647;
			files = (
				C334410623728C3E007C752A /* LaunchScreen.storyboard in Resources */,
				C334410323728C3E007C752A /* Preview Assets.xcassets in Resources */,
				C334410023728C3D007C752A /* Assets.xcassets in Resources */,
			);
			runOnlyForDeploymentPostprocessing = 0;
		};
		C334410A23728C3E007C752A /* Resources */ = {
			isa = PBXResourcesBuildPhase;
			buildActionMask = 2147483647;
			files = (
			);
			runOnlyForDeploymentPostprocessing = 0;
		};
		C334411523728C3E007C752A /* Resources */ = {
			isa = PBXResourcesBuildPhase;
			buildActionMask = 2147483647;
			files = (
			);
			runOnlyForDeploymentPostprocessing = 0;
		};
/* End PBXResourcesBuildPhase section */

/* Begin PBXShellScriptBuildPhase section */
		67CAEE8DA3C5C73ACCA82264 /* [CP] Embed Pods Frameworks */ = {
			isa = PBXShellScriptBuildPhase;
			buildActionMask = 2147483647;
			files = (
			);
			inputFileListPaths = (
				"${PODS_ROOT}/Target Support Files/Pods-SwiftUITest/Pods-SwiftUITest-frameworks-${CONFIGURATION}-input-files.xcfilelist",
			);
			name = "[CP] Embed Pods Frameworks";
			outputFileListPaths = (
				"${PODS_ROOT}/Target Support Files/Pods-SwiftUITest/Pods-SwiftUITest-frameworks-${CONFIGURATION}-output-files.xcfilelist",
			);
			runOnlyForDeploymentPostprocessing = 0;
			shellPath = /bin/sh;
			shellScript = "\"${PODS_ROOT}/Target Support Files/Pods-SwiftUITest/Pods-SwiftUITest-frameworks.sh\"\n";
			showEnvVarsInLog = 0;
		};
		857414957585D121B6898830 /* [CP] Check Pods Manifest.lock */ = {
			isa = PBXShellScriptBuildPhase;
			buildActionMask = 2147483647;
			files = (
			);
			inputFileListPaths = (
			);
			inputPaths = (
				"${PODS_PODFILE_DIR_PATH}/Podfile.lock",
				"${PODS_ROOT}/Manifest.lock",
			);
			name = "[CP] Check Pods Manifest.lock";
			outputFileListPaths = (
			);
			outputPaths = (
				"$(DERIVED_FILE_DIR)/Pods-SwiftUITest-checkManifestLockResult.txt",
			);
			runOnlyForDeploymentPostprocessing = 0;
			shellPath = /bin/sh;
			shellScript = "diff \"${PODS_PODFILE_DIR_PATH}/Podfile.lock\" \"${PODS_ROOT}/Manifest.lock\" > /dev/null\nif [ $? != 0 ] ; then\n    # print error to STDERR\n    echo \"error: The sandbox is not in sync with the Podfile.lock. Run 'pod install' or update your CocoaPods installation.\" >&2\n    exit 1\nfi\n# This output is used by Xcode 'outputs' to avoid re-running this script phase.\necho \"SUCCESS\" > \"${SCRIPT_OUTPUT_FILE_0}\"\n";
			showEnvVarsInLog = 0;
		};
/* End PBXShellScriptBuildPhase section */

/* Begin PBXSourcesBuildPhase section */
		C33440F223728C3A007C752A /* Sources */ = {
			isa = PBXSourcesBuildPhase;
			buildActionMask = 2147483647;
			files = (
				C33440FA23728C3A007C752A /* AppDelegate.swift in Sources */,
				C33440FC23728C3A007C752A /* SceneDelegate.swift in Sources */,
				C334412B2372A326007C752A /* PlayerModel.swift in Sources */,
				C33441322373E4D4007C752A /* Dealer.swift in Sources */,
				C327260E23752C5C00B4E368 /* PlayerListView.swift in Sources */,
				C334412E2372A7C5007C752A /* Results+Util.swift in Sources */,
				C33441342373EC3E007C752A /* CardModel.swift in Sources */,
				C33440FE23728C3A007C752A /* ContentView.swift in Sources */,
				C33441302373CC52007C752A /* GameModel.swift in Sources */,
			);
			runOnlyForDeploymentPostprocessing = 0;
		};
		C334410823728C3E007C752A /* Sources */ = {
			isa = PBXSourcesBuildPhase;
			buildActionMask = 2147483647;
			files = (
				C334411123728C3E007C752A /* SwiftUITestTests.swift in Sources */,
			);
			runOnlyForDeploymentPostprocessing = 0;
		};
		C334411323728C3E007C752A /* Sources */ = {
			isa = PBXSourcesBuildPhase;
			buildActionMask = 2147483647;
			files = (
				C334411C23728C3E007C752A /* SwiftUITestUITests.swift in Sources */,
			);
			runOnlyForDeploymentPostprocessing = 0;
		};
/* End PBXSourcesBuildPhase section */

/* Begin PBXTargetDependency section */
		C334410E23728C3E007C752A /* PBXTargetDependency */ = {
			isa = PBXTargetDependency;
			target = C33440F523728C3A007C752A /* SwiftUITest */;
			targetProxy = C334410D23728C3E007C752A /* PBXContainerItemProxy */;
		};
		C334411923728C3E007C752A /* PBXTargetDependency */ = {
			isa = PBXTargetDependency;
			target = C33440F523728C3A007C752A /* SwiftUITest */;
			targetProxy = C334411823728C3E007C752A /* PBXContainerItemProxy */;
		};
/* End PBXTargetDependency section */

/* Begin PBXVariantGroup section */
		C334410423728C3E007C752A /* LaunchScreen.storyboard */ = {
			isa = PBXVariantGroup;
			children = (
				C334410523728C3E007C752A /* Base */,
			);
			name = LaunchScreen.storyboard;
			sourceTree = "<group>";
		};
/* End PBXVariantGroup section */

/* Begin XCBuildConfiguration section */
		C334411E23728C3E007C752A /* Debug */ = {
			isa = XCBuildConfiguration;
			buildSettings = {
				ALWAYS_SEARCH_USER_PATHS = NO;
				CLANG_ANALYZER_NONNULL = YES;
				CLANG_ANALYZER_NUMBER_OBJECT_CONVERSION = YES_AGGRESSIVE;
				CLANG_CXX_LANGUAGE_STANDARD = "gnu++14";
				CLANG_CXX_LIBRARY = "libc++";
				CLANG_ENABLE_MODULES = YES;
				CLANG_ENABLE_OBJC_ARC = YES;
				CLANG_ENABLE_OBJC_WEAK = YES;
				CLANG_WARN_BLOCK_CAPTURE_AUTORELEASING = YES;
				CLANG_WARN_BOOL_CONVERSION = YES;
				CLANG_WARN_COMMA = YES;
				CLANG_WARN_CONSTANT_CONVERSION = YES;
				CLANG_WARN_DEPRECATED_OBJC_IMPLEMENTATIONS = YES;
				CLANG_WARN_DIRECT_OBJC_ISA_USAGE = YES_ERROR;
				CLANG_WARN_DOCUMENTATION_COMMENTS = YES;
				CLANG_WARN_EMPTY_BODY = YES;
				CLANG_WARN_ENUM_CONVERSION = YES;
				CLANG_WARN_INFINITE_RECURSION = YES;
				CLANG_WARN_INT_CONVERSION = YES;
				CLANG_WARN_NON_LITERAL_NULL_CONVERSION = YES;
				CLANG_WARN_OBJC_IMPLICIT_RETAIN_SELF = YES;
				CLANG_WARN_OBJC_LITERAL_CONVERSION = YES;
				CLANG_WARN_OBJC_ROOT_CLASS = YES_ERROR;
				CLANG_WARN_RANGE_LOOP_ANALYSIS = YES;
				CLANG_WARN_STRICT_PROTOTYPES = YES;
				CLANG_WARN_SUSPICIOUS_MOVE = YES;
				CLANG_WARN_UNGUARDED_AVAILABILITY = YES_AGGRESSIVE;
				CLANG_WARN_UNREACHABLE_CODE = YES;
				CLANG_WARN__DUPLICATE_METHOD_MATCH = YES;
				COPY_PHASE_STRIP = NO;
				DEBUG_INFORMATION_FORMAT = dwarf;
				ENABLE_STRICT_OBJC_MSGSEND = YES;
				ENABLE_TESTABILITY = YES;
				GCC_C_LANGUAGE_STANDARD = gnu11;
				GCC_DYNAMIC_NO_PIC = NO;
				GCC_NO_COMMON_BLOCKS = YES;
				GCC_OPTIMIZATION_LEVEL = 0;
				GCC_PREPROCESSOR_DEFINITIONS = (
					"DEBUG=1",
					"$(inherited)",
				);
				GCC_WARN_64_TO_32_BIT_CONVERSION = YES;
				GCC_WARN_ABOUT_RETURN_TYPE = YES_ERROR;
				GCC_WARN_UNDECLARED_SELECTOR = YES;
				GCC_WARN_UNINITIALIZED_AUTOS = YES_AGGRESSIVE;
				GCC_WARN_UNUSED_FUNCTION = YES;
				GCC_WARN_UNUSED_VARIABLE = YES;
				IPHONEOS_DEPLOYMENT_TARGET = 13.0;
				MTL_ENABLE_DEBUG_INFO = INCLUDE_SOURCE;
				MTL_FAST_MATH = YES;
				ONLY_ACTIVE_ARCH = YES;
				SDKROOT = iphoneos;
				SWIFT_ACTIVE_COMPILATION_CONDITIONS = DEBUG;
				SWIFT_OPTIMIZATION_LEVEL = "-Onone";
			};
			name = Debug;
		};
		C334411F23728C3E007C752A /* Release */ = {
			isa = XCBuildConfiguration;
			buildSettings = {
				ALWAYS_SEARCH_USER_PATHS = NO;
				CLANG_ANALYZER_NONNULL = YES;
				CLANG_ANALYZER_NUMBER_OBJECT_CONVERSION = YES_AGGRESSIVE;
				CLANG_CXX_LANGUAGE_STANDARD = "gnu++14";
				CLANG_CXX_LIBRARY = "libc++";
				CLANG_ENABLE_MODULES = YES;
				CLANG_ENABLE_OBJC_ARC = YES;
				CLANG_ENABLE_OBJC_WEAK = YES;
				CLANG_WARN_BLOCK_CAPTURE_AUTORELEASING = YES;
				CLANG_WARN_BOOL_CONVERSION = YES;
				CLANG_WARN_COMMA = YES;
				CLANG_WARN_CONSTANT_CONVERSION = YES;
				CLANG_WARN_DEPRECATED_OBJC_IMPLEMENTATIONS = YES;
				CLANG_WARN_DIRECT_OBJC_ISA_USAGE = YES_ERROR;
				CLANG_WARN_DOCUMENTATION_COMMENTS = YES;
				CLANG_WARN_EMPTY_BODY = YES;
				CLANG_WARN_ENUM_CONVERSION = YES;
				CLANG_WARN_INFINITE_RECURSION = YES;
				CLANG_WARN_INT_CONVERSION = YES;
				CLANG_WARN_NON_LITERAL_NULL_CONVERSION = YES;
				CLANG_WARN_OBJC_IMPLICIT_RETAIN_SELF = YES;
				CLANG_WARN_OBJC_LITERAL_CONVERSION = YES;
				CLANG_WARN_OBJC_ROOT_CLASS = YES_ERROR;
				CLANG_WARN_RANGE_LOOP_ANALYSIS = YES;
				CLANG_WARN_STRICT_PROTOTYPES = YES;
				CLANG_WARN_SUSPICIOUS_MOVE = YES;
				CLANG_WARN_UNGUARDED_AVAILABILITY = YES_AGGRESSIVE;
				CLANG_WARN_UNREACHABLE_CODE = YES;
				CLANG_WARN__DUPLICATE_METHOD_MATCH = YES;
				COPY_PHASE_STRIP = NO;
				DEBUG_INFORMATION_FORMAT = "dwarf-with-dsym";
				ENABLE_NS_ASSERTIONS = NO;
				ENABLE_STRICT_OBJC_MSGSEND = YES;
				GCC_C_LANGUAGE_STANDARD = gnu11;
				GCC_NO_COMMON_BLOCKS = YES;
				GCC_WARN_64_TO_32_BIT_CONVERSION = YES;
				GCC_WARN_ABOUT_RETURN_TYPE = YES_ERROR;
				GCC_WARN_UNDECLARED_SELECTOR = YES;
				GCC_WARN_UNINITIALIZED_AUTOS = YES_AGGRESSIVE;
				GCC_WARN_UNUSED_FUNCTION = YES;
				GCC_WARN_UNUSED_VARIABLE = YES;
				IPHONEOS_DEPLOYMENT_TARGET = 13.0;
				MTL_ENABLE_DEBUG_INFO = NO;
				MTL_FAST_MATH = YES;
				SDKROOT = iphoneos;
				SWIFT_COMPILATION_MODE = wholemodule;
				SWIFT_OPTIMIZATION_LEVEL = "-O";
				VALIDATE_PRODUCT = YES;
			};
			name = Release;
		};
		C334412123728C3E007C752A /* Debug */ = {
			isa = XCBuildConfiguration;
			baseConfigurationReference = B8A560E14FF2CECD107F1383 /* Pods-SwiftUITest.debug.xcconfig */;
			buildSettings = {
				ASSETCATALOG_COMPILER_APPICON_NAME = AppIcon;
				CODE_SIGN_STYLE = Automatic;
				DEVELOPMENT_ASSET_PATHS = "\"SwiftUITest/Preview Content\"";
				DEVELOPMENT_TEAM = JASUS78V26;
				ENABLE_PREVIEWS = YES;
				INFOPLIST_FILE = SwiftUITest/Info.plist;
				LD_RUNPATH_SEARCH_PATHS = (
					"$(inherited)",
					"@executable_path/Frameworks",
				);
				PRODUCT_BUNDLE_IDENTIFIER = com.naruint.SwiftUITest;
				PRODUCT_NAME = "$(TARGET_NAME)";
				SWIFT_VERSION = 5.0;
				TARGETED_DEVICE_FAMILY = "1,2";
			};
			name = Debug;
		};
		C334412223728C3E007C752A /* Release */ = {
			isa = XCBuildConfiguration;
			baseConfigurationReference = 891FCEB00E2A96F26AD11F3C /* Pods-SwiftUITest.release.xcconfig */;
			buildSettings = {
				ASSETCATALOG_COMPILER_APPICON_NAME = AppIcon;
				CODE_SIGN_STYLE = Automatic;
				DEVELOPMENT_ASSET_PATHS = "\"SwiftUITest/Preview Content\"";
				DEVELOPMENT_TEAM = JASUS78V26;
				ENABLE_PREVIEWS = YES;
				INFOPLIST_FILE = SwiftUITest/Info.plist;
				LD_RUNPATH_SEARCH_PATHS = (
					"$(inherited)",
					"@executable_path/Frameworks",
				);
				PRODUCT_BUNDLE_IDENTIFIER = com.naruint.SwiftUITest;
				PRODUCT_NAME = "$(TARGET_NAME)";
				SWIFT_VERSION = 5.0;
				TARGETED_DEVICE_FAMILY = "1,2";
			};
			name = Release;
		};
		C334412423728C3E007C752A /* Debug */ = {
			isa = XCBuildConfiguration;
			buildSettings = {
				ALWAYS_EMBED_SWIFT_STANDARD_LIBRARIES = YES;
				BUNDLE_LOADER = "$(TEST_HOST)";
				CODE_SIGN_STYLE = Automatic;
				DEVELOPMENT_TEAM = JASUS78V26;
				INFOPLIST_FILE = SwiftUITestTests/Info.plist;
				IPHONEOS_DEPLOYMENT_TARGET = 13.2;
				LD_RUNPATH_SEARCH_PATHS = (
					"$(inherited)",
					"@executable_path/Frameworks",
					"@loader_path/Frameworks",
				);
				PRODUCT_BUNDLE_IDENTIFIER = com.naruint.SwiftUITestTests;
				PRODUCT_NAME = "$(TARGET_NAME)";
				SWIFT_VERSION = 5.0;
				TARGETED_DEVICE_FAMILY = "1,2";
				TEST_HOST = "$(BUILT_PRODUCTS_DIR)/SwiftUITest.app/SwiftUITest";
			};
			name = Debug;
		};
		C334412523728C3E007C752A /* Release */ = {
			isa = XCBuildConfiguration;
			buildSettings = {
				ALWAYS_EMBED_SWIFT_STANDARD_LIBRARIES = YES;
				BUNDLE_LOADER = "$(TEST_HOST)";
				CODE_SIGN_STYLE = Automatic;
				DEVELOPMENT_TEAM = JASUS78V26;
				INFOPLIST_FILE = SwiftUITestTests/Info.plist;
				IPHONEOS_DEPLOYMENT_TARGET = 13.2;
				LD_RUNPATH_SEARCH_PATHS = (
					"$(inherited)",
					"@executable_path/Frameworks",
					"@loader_path/Frameworks",
				);
				PRODUCT_BUNDLE_IDENTIFIER = com.naruint.SwiftUITestTests;
				PRODUCT_NAME = "$(TARGET_NAME)";
				SWIFT_VERSION = 5.0;
				TARGETED_DEVICE_FAMILY = "1,2";
				TEST_HOST = "$(BUILT_PRODUCTS_DIR)/SwiftUITest.app/SwiftUITest";
			};
			name = Release;
		};
		C334412723728C3E007C752A /* Debug */ = {
			isa = XCBuildConfiguration;
			buildSettings = {
				ALWAYS_EMBED_SWIFT_STANDARD_LIBRARIES = YES;
				CODE_SIGN_STYLE = Automatic;
				DEVELOPMENT_TEAM = JASUS78V26;
				INFOPLIST_FILE = SwiftUITestUITests/Info.plist;
				LD_RUNPATH_SEARCH_PATHS = (
					"$(inherited)",
					"@executable_path/Frameworks",
					"@loader_path/Frameworks",
				);
				PRODUCT_BUNDLE_IDENTIFIER = com.naruint.SwiftUITestUITests;
				PRODUCT_NAME = "$(TARGET_NAME)";
				SWIFT_VERSION = 5.0;
				TARGETED_DEVICE_FAMILY = "1,2";
				TEST_TARGET_NAME = SwiftUITest;
			};
			name = Debug;
		};
		C334412823728C3E007C752A /* Release */ = {
			isa = XCBuildConfiguration;
			buildSettings = {
				ALWAYS_EMBED_SWIFT_STANDARD_LIBRARIES = YES;
				CODE_SIGN_STYLE = Automatic;
				DEVELOPMENT_TEAM = JASUS78V26;
				INFOPLIST_FILE = SwiftUITestUITests/Info.plist;
				LD_RUNPATH_SEARCH_PATHS = (
					"$(inherited)",
					"@executable_path/Frameworks",
					"@loader_path/Frameworks",
				);
				PRODUCT_BUNDLE_IDENTIFIER = com.naruint.SwiftUITestUITests;
				PRODUCT_NAME = "$(TARGET_NAME)";
				SWIFT_VERSION = 5.0;
				TARGETED_DEVICE_FAMILY = "1,2";
				TEST_TARGET_NAME = SwiftUITest;
			};
			name = Release;
		};
/* End XCBuildConfiguration section */

/* Begin XCConfigurationList section */
		C33440F123728C3A007C752A /* Build configuration list for PBXProject "SwiftUITest" */ = {
			isa = XCConfigurationList;
			buildConfigurations = (
				C334411E23728C3E007C752A /* Debug */,
				C334411F23728C3E007C752A /* Release */,
			);
			defaultConfigurationIsVisible = 0;
			defaultConfigurationName = Release;
		};
		C334412023728C3E007C752A /* Build configuration list for PBXNativeTarget "SwiftUITest" */ = {
			isa = XCConfigurationList;
			buildConfigurations = (
				C334412123728C3E007C752A /* Debug */,
				C334412223728C3E007C752A /* Release */,
			);
			defaultConfigurationIsVisible = 0;
			defaultConfigurationName = Release;
		};
		C334412323728C3E007C752A /* Build configuration list for PBXNativeTarget "SwiftUITestTests" */ = {
			isa = XCConfigurationList;
			buildConfigurations = (
				C334412423728C3E007C752A /* Debug */,
				C334412523728C3E007C752A /* Release */,
			);
			defaultConfigurationIsVisible = 0;
			defaultConfigurationName = Release;
		};
		C334412623728C3E007C752A /* Build configuration list for PBXNativeTarget "SwiftUITestUITests" */ = {
			isa = XCConfigurationList;
			buildConfigurations = (
				C334412723728C3E007C752A /* Debug */,
				C334412823728C3E007C752A /* Release */,
			);
			defaultConfigurationIsVisible = 0;
			defaultConfigurationName = Release;
		};
/* End XCConfigurationList section */
	};
	rootObject = C33440EE23728C3A007C752A /* Project object */;
}
